
Microsoft Visual Studio Solution File, Format Version 12.00
# Visual Studio Version 16
VisualStudioVersion = 16.0.30717.126
MinimumVisualStudioVersion = 10.0.40219.1
Project("{9A19103F-16F7-4668-BE54-9A1E7A4F7556}") = "TestProjectWebApi", "TestProjectWebApi\TestProjectWebApi.csproj", "{B51DEFCB-C16D-433E-99FA-7A1C1062EC11}"
EndProject
Project("{9A19103F-16F7-4668-BE54-9A1E7A4F7556}") = "TestProjectMVC", "TestProjectMVC\TestProjectMVC.csproj", "{3D0C16FC-6FD4-4B18-BD2B-F7D4FD85F269}"
EndProject
Project("{9A19103F-16F7-4668-BE54-9A1E7A4F7556}") = "TestProjectUploadItmImages", "TestProjectUploadItmImages\TestProjectUploadItmImages.csproj", "{E3549AFE-5605-4B5A-BCF8-FC2F3AA444DC}"
EndProject
Project("{9A19103F-16F7-4668-BE54-9A1E7A4F7556}") = "SendNotification", "SendNotification\SendNotification.csproj", "{41928084-C2B5-4FE0-8915-EBF6342A6A5F}"
EndProject
Global
	GlobalSection(SolutionConfigurationPlatforms) = preSolution
		Debug|Any CPU = Debug|Any CPU
		Release|Any CPU = Release|Any CPU
	EndGlobalSection
	GlobalSection(ProjectConfigurationPlatforms) = postSolution
		{B51DEFCB-C16D-433E-99FA-7A1C1062EC11}.Debug|Any CPU.ActiveCfg = Debug|Any CPU
		{B51DEFCB-C16D-433E-99FA-7A1C1062EC11}.Debug|Any CPU.Build.0 = Debug|Any CPU
		{B51DEFCB-C16D-433E-99FA-7A1C1062EC11}.Release|Any CPU.ActiveCfg = Release|Any CPU
		{B51DEFCB-C16D-433E-99FA-7A1C1062EC11}.Release|Any CPU.Build.0 = Release|Any CPU
		{3D0C16FC-6FD4-4B18-BD2B-F7D4FD85F269}.Debug|Any CPU.ActiveCfg = Debug|Any CPU
		{3D0C16FC-6FD4-4B18-BD2B-F7D4FD85F269}.Debug|Any CPU.Build.0 = Debug|Any CPU
		{3D0C16FC-6FD4-4B18-BD2B-F7D4FD85F269}.Release|Any CPU.ActiveCfg = Release|Any CPU
		{3D0C16FC-6FD4-4B18-BD2B-F7D4FD85F269}.Release|Any CPU.Build.0 = Release|Any CPU
		{E3549AFE-5605-4B5A-BCF8-FC2F3AA444DC}.Debug|Any CPU.ActiveCfg = Debug|Any CPU
		{E3549AFE-5605-4B5A-BCF8-FC2F3AA444DC}.Debug|Any CPU.Build.0 = Debug|Any CPU
		{E3549AFE-5605-4B5A-BCF8-FC2F3AA444DC}.Release|Any CPU.ActiveCfg = Release|Any CPU
		{E3549AFE-5605-4B5A-BCF8-FC2F3AA444DC}.Release|Any CPU.Build.0 = Release|Any CPU
		{41928084-C2B5-4FE0-8915-EBF6342A6A5F}.Debug|Any CPU.ActiveCfg = Debug|Any CPU
		{41928084-C2B5-4FE0-8915-EBF6342A6A5F}.Debug|Any CPU.Build.0 = Debug|Any CPU
		{41928084-C2B5-4FE0-8915-EBF6342A6A5F}.Release|Any CPU.ActiveCfg = Release|Any CPU
		{41928084-C2B5-4FE0-8915-EBF6342A6A5F}.Release|Any CPU.Build.0 = Release|Any CPU
	EndGlobalSection
	GlobalSection(SolutionProperties) = preSolution
		HideSolutionNode = FALSE
	EndGlobalSection
	GlobalSection(ExtensibilityGlobals) = postSolution
		SolutionGuid = {4865CE0E-6F31-461D-B44D-9D59B911620F}
	EndGlobalSection
EndGlobal
